
Microsoft Visual Studio Solution File, Format Version 12.00
# Visual Studio Version 17
VisualStudioVersion = 17.4.33205.214
MinimumVisualStudioVersion = 10.0.40219.1
Project("{9A19103F-16F7-4668-BE54-9A1E7A4F7556}") = "Project_Ecommerce", "Project_Ecommerce\Project_Ecommerce.csproj", "{18FAA255-BBC9-4F44-BAD1-C6102B2BF527}"
EndProject
Project("{9A19103F-16F7-4668-BE54-9A1E7A4F7556}") = "Project_Ecommerce.Models", "Project_Ecommerce.Models\Project_Ecommerce.Models.csproj", "{B401E885-2D10-453D-A955-52619494E7B0}"
EndProject
Project("{9A19103F-16F7-4668-BE54-9A1E7A4F7556}") = "Project_Ecommerce.DataAcsess", "Project_Ecommerce.DataAcsess\Project_Ecommerce.DataAcsess.csproj", "{8D213C79-6239-490D-8A19-EB8553AF6192}"
EndProject
Project("{9A19103F-16F7-4668-BE54-9A1E7A4F7556}") = "Project_Ecommerce.Utilites", "Project_Ecommerce.Utilites\Project_Ecommerce.Utilites.csproj", "{55177CE0-F4BF-48EA-9EE4-6C5F9F6EC4D6}"
EndProject
Global
	GlobalSection(SolutionConfigurationPlatforms) = preSolution
		Debug|Any CPU = Debug|Any CPU
		Release|Any CPU = Release|Any CPU
	EndGlobalSection
	GlobalSection(ProjectConfigurationPlatforms) = postSolution
		{18FAA255-BBC9-4F44-BAD1-C6102B2BF527}.Debug|Any CPU.ActiveCfg = Debug|Any CPU
		{18FAA255-BBC9-4F44-BAD1-C6102B2BF527}.Debug|Any CPU.Build.0 = Debug|Any CPU
		{18FAA255-BBC9-4F44-BAD1-C6102B2BF527}.Release|Any CPU.ActiveCfg = Release|Any CPU
		{18FAA255-BBC9-4F44-BAD1-C6102B2BF527}.Release|Any CPU.Build.0 = Release|Any CPU
		{B401E885-2D10-453D-A955-52619494E7B0}.Debug|Any CPU.ActiveCfg = Debug|Any CPU
		{B401E885-2D10-453D-A955-52619494E7B0}.Debug|Any CPU.Build.0 = Debug|Any CPU
		{B401E885-2D10-453D-A955-52619494E7B0}.Release|Any CPU.ActiveCfg = Release|Any CPU
		{B401E885-2D10-453D-A955-52619494E7B0}.Release|Any CPU.Build.0 = Release|Any CPU
		{8D213C79-6239-490D-8A19-EB8553AF6192}.Debug|Any CPU.ActiveCfg = Debug|Any CPU
		{8D213C79-6239-490D-8A19-EB8553AF6192}.Debug|Any CPU.Build.0 = Debug|Any CPU
		{8D213C79-6239-490D-8A19-EB8553AF6192}.Release|Any CPU.ActiveCfg = Release|Any CPU
		{8D213C79-6239-490D-8A19-EB8553AF6192}.Release|Any CPU.Build.0 = Release|Any CPU
		{55177CE0-F4BF-48EA-9EE4-6C5F9F6EC4D6}.Debug|Any CPU.ActiveCfg = Debug|Any CPU
		{55177CE0-F4BF-48EA-9EE4-6C5F9F6EC4D6}.Debug|Any CPU.Build.0 = Debug|Any CPU
		{55177CE0-F4BF-48EA-9EE4-6C5F9F6EC4D6}.Release|Any CPU.ActiveCfg = Release|Any CPU
		{55177CE0-F4BF-48EA-9EE4-6C5F9F6EC4D6}.Release|Any CPU.Build.0 = Release|Any CPU
	EndGlobalSection
	GlobalSection(SolutionProperties) = preSolution
		HideSolutionNode = FALSE
	EndGlobalSection
	GlobalSection(ExtensibilityGlobals) = postSolution
		SolutionGuid = {11029CE2-1486-4F8D-8926-2F2874C5373F}
	EndGlobalSection
EndGlobal
